// !$*UTF8*$!
{
	archiveVersion = 1;
	classes = {
	};
	objectVersion = 56;
	objects = {

/* Begin PBXBuildFile section */
		FC13C57E2ACD51490045AAD2 /* InfoPanelView.swift in Sources */ = {isa = PBXBuildFile; fileRef = FC13C57D2ACD51490045AAD2 /* InfoPanelView.swift */; };
		FC13C5802ACD5D950045AAD2 /* ControlImageView.swift in Sources */ = {isa = PBXBuildFile; fileRef = FC13C57F2ACD5D950045AAD2 /* ControlImageView.swift */; };
		FC2341102ACD3E6B005E53C5 /* Pinch_App_P3App.swift in Sources */ = {isa = PBXBuildFile; fileRef = FC23410F2ACD3E6B005E53C5 /* Pinch_App_P3App.swift */; };
		FC2341122ACD3E6B005E53C5 /* ContentView.swift in Sources */ = {isa = PBXBuildFile; fileRef = FC2341112ACD3E6B005E53C5 /* ContentView.swift */; };
		FC2341142ACD3E6D005E53C5 /* Assets.xcassets in Resources */ = {isa = PBXBuildFile; fileRef = FC2341132ACD3E6D005E53C5 /* Assets.xcassets */; };
		FC2341172ACD3E6D005E53C5 /* Preview Assets.xcassets in Resources */ = {isa = PBXBuildFile; fileRef = FC2341162ACD3E6D005E53C5 /* Preview Assets.xcassets */; };
		FCABE4A12ACE783700874C6F /* PageModel.swift in Sources */ = {isa = PBXBuildFile; fileRef = FCABE4A02ACE783700874C6F /* PageModel.swift */; };
		FCABE4A32ACE789500874C6F /* PageData.swift in Sources */ = {isa = PBXBuildFile; fileRef = FCABE4A22ACE789500874C6F /* PageData.swift */; };
/* End PBXBuildFile section */

/* Begin PBXFileReference section */
		FC13C57D2ACD51490045AAD2 /* InfoPanelView.swift */ = {isa = PBXFileReference; lastKnownFileType = sourcecode.swift; path = InfoPanelView.swift; sourceTree = "<group>"; };
		FC13C57F2ACD5D950045AAD2 /* ControlImageView.swift */ = {isa = PBXFileReference; lastKnownFileType = sourcecode.swift; path = ControlImageView.swift; sourceTree = "<group>"; };
		FC23410C2ACD3E6B005E53C5 /* Pinch_App_P3.app */ = {isa = PBXFileReference; explicitFileType = wrapper.application; includeInIndex = 0; path = Pinch_App_P3.app; sourceTree = BUILT_PRODUCTS_DIR; };
		FC23410F2ACD3E6B005E53C5 /* Pinch_App_P3App.swift */ = {isa = PBXFileReference; lastKnownFileType = sourcecode.swift; path = Pinch_App_P3App.swift; sourceTree = "<group>"; };
		FC2341112ACD3E6B005E53C5 /* ContentView.swift */ = {isa = PBXFileReference; lastKnownFileType = sourcecode.swift; path = ContentView.swift; sourceTree = "<group>"; };
		FC2341132ACD3E6D005E53C5 /* Assets.xcassets */ = {isa = PBXFileReference; lastKnownFileType = folder.assetcatalog; path = Assets.xcassets; sourceTree = "<group>"; };
		FC2341162ACD3E6D005E53C5 /* Preview Assets.xcassets */ = {isa = PBXFileReference; lastKnownFileType = folder.assetcatalog; path = "Preview Assets.xcassets"; sourceTree = "<group>"; };
		FCABE4A02ACE783700874C6F /* PageModel.swift */ = {isa = PBXFileReference; lastKnownFileType = sourcecode.swift; path = PageModel.swift; sourceTree = "<group>"; };
		FCABE4A22ACE789500874C6F /* PageData.swift */ = {isa = PBXFileReference; lastKnownFileType = sourcecode.swift; path = PageData.swift; sourceTree = "<group>"; };
/* End PBXFileReference section */

/* Begin PBXFrameworksBuildPhase section */
		FC2341092ACD3E6B005E53C5 /* Frameworks */ = {
			isa = PBXFrameworksBuildPhase;
			buildActionMask = 2147483647;
			files = (
			);
			runOnlyForDeploymentPostprocessing = 0;
		};
/* End PBXFrameworksBuildPhase section */

/* Begin PBXGroup section */
		FC2341032ACD3E6B005E53C5 = {
			isa = PBXGroup;
			children = (
				FC23410E2ACD3E6B005E53C5 /* Pinch_App_P3 */,
				FC23410D2ACD3E6B005E53C5 /* Products */,
			);
			sourceTree = "<group>";
		};
		FC23410D2ACD3E6B005E53C5 /* Products */ = {
			isa = PBXGroup;
			children = (
				FC23410C2ACD3E6B005E53C5 /* Pinch_App_P3.app */,
			);
			name = Products;
			sourceTree = "<group>";
		};
		FC23410E2ACD3E6B005E53C5 /* Pinch_App_P3 */ = {
			isa = PBXGroup;
			children = (
				FC2341202ACD406D005E53C5 /* Data */,
				FC23411F2ACD405E005E53C5 /* Model */,
				FC23411E2ACD4056005E53C5 /* View */,
				FC23411D2ACD4041005E53C5 /* Screen */,
				FC23410F2ACD3E6B005E53C5 /* Pinch_App_P3App.swift */,
				FC2341132ACD3E6D005E53C5 /* Assets.xcassets */,
				FC2341152ACD3E6D005E53C5 /* Preview Content */,
			);
			path = Pinch_App_P3;
			sourceTree = "<group>";
		};
		FC2341152ACD3E6D005E53C5 /* Preview Content */ = {
			isa = PBXGroup;
			children = (
				FC2341162ACD3E6D005E53C5 /* Preview Assets.xcassets */,
			);
			path = "Preview Content";
			sourceTree = "<group>";
		};
		FC23411D2ACD4041005E53C5 /* Screen */ = {
			isa = PBXGroup;
			children = (
				FC2341112ACD3E6B005E53C5 /* ContentView.swift */,
			);
			path = Screen;
			sourceTree = "<group>";
		};
		FC23411E2ACD4056005E53C5 /* View */ = {
			isa = PBXGroup;
			children = (
				FC13C57D2ACD51490045AAD2 /* InfoPanelView.swift */,
				FC13C57F2ACD5D950045AAD2 /* ControlImageView.swift */,
			);
			path = View;
			sourceTree = "<group>";
		};
		FC23411F2ACD405E005E53C5 /* Model */ = {
			isa = PBXGroup;
			children = (
				FCABE4A02ACE783700874C6F /* PageModel.swift */,
			);
			path = Model;
			sourceTree = "<group>";
		};
		FC2341202ACD406D005E53C5 /* Data */ = {
			isa = PBXGroup;
			children = (
				FCABE4A22ACE789500874C6F /* PageData.swift */,
			);
			path = Data;
			sourceTree = "<group>";
		};
/* End PBXGroup section */

/* Begin PBXNativeTarget section */
		FC23410B2ACD3E6B005E53C5 /* Pinch_App_P3 */ = {
			isa = PBXNativeTarget;
			buildConfigurationList = FC23411A2ACD3E6D005E53C5 /* Build configuration list for PBXNativeTarget "Pinch_App_P3" */;
			buildPhases = (
				FC2341082ACD3E6B005E53C5 /* Sources */,
				FC2341092ACD3E6B005E53C5 /* Frameworks */,
				FC23410A2ACD3E6B005E53C5 /* Resources */,
			);
			buildRules = (
			);
			dependencies = (
			);
			name = Pinch_App_P3;
			productName = Pinch_App_P3;
			productReference = FC23410C2ACD3E6B005E53C5 /* Pinch_App_P3.app */;
			productType = "com.apple.product-type.application";
		};
/* End PBXNativeTarget section */

/* Begin PBXProject section */
		FC2341042ACD3E6B005E53C5 /* Project object */ = {
			isa = PBXProject;
			attributes = {
				BuildIndependentTargetsInParallel = 1;
				LastSwiftUpdateCheck = 1420;
				LastUpgradeCheck = 1420;
				TargetAttributes = {
					FC23410B2ACD3E6B005E53C5 = {
						CreatedOnToolsVersion = 14.2;
					};
				};
			};
			buildConfigurationList = FC2341072ACD3E6B005E53C5 /* Build configuration list for PBXProject "Pinch_App_P3" */;
			compatibilityVersion = "Xcode 14.0";
			developmentRegion = en;
			hasScannedForEncodings = 0;
			knownRegions = (
				en,
				Base,
			);
			mainGroup = FC2341032ACD3E6B005E53C5;
			productRefGroup = FC23410D2ACD3E6B005E53C5 /* Products */;
			projectDirPath = "";
			projectRoot = "";
			targets = (
				FC23410B2ACD3E6B005E53C5 /* Pinch_App_P3 */,
			);
		};
/* End PBXProject section */

/* Begin PBXResourcesBuildPhase section */
		FC23410A2ACD3E6B005E53C5 /* Resources */ = {
			isa = PBXResourcesBuildPhase;
			buildActionMask = 2147483647;
			files = (
				FC2341172ACD3E6D005E53C5 /* Preview Assets.xcassets in Resources */,
				FC2341142ACD3E6D005E53C5 /* Assets.xcassets in Resources */,
			);
			runOnlyForDeploymentPostprocessing = 0;
		};
/* End PBXResourcesBuildPhase section */

/* Begin PBXSourcesBuildPhase section */
		FC2341082ACD3E6B005E53C5 /* Sources */ = {
			isa = PBXSourcesBuildPhase;
			buildActionMask = 2147483647;
			files = (
				FC13C5802ACD5D950045AAD2 /* ControlImageView.swift in Sources */,
				FCABE4A12ACE783700874C6F /* PageModel.swift in Sources */,
				FC2341122ACD3E6B005E53C5 /* ContentView.swift in Sources */,
				FC2341102ACD3E6B005E53C5 /* Pinch_App_P3App.swift in Sources */,
				FCABE4A32ACE789500874C6F /* PageData.swift in Sources */,
				FC13C57E2ACD51490045AAD2 /* InfoPanelView.swift in Sources */,
			);
			runOnlyForDeploymentPostprocessing = 0;
		};
/* End PBXSourcesBuildPhase section */

/* Begin XCBuildConfiguration section */
		FC2341182ACD3E6D005E53C5 /* Debug */ = {
			isa = XCBuildConfiguration;
			buildSettings = {
				ALWAYS_SEARCH_USER_PATHS = NO;
				CLANG_ANALYZER_NONNULL = YES;
				CLANG_ANALYZER_NUMBER_OBJECT_CONVERSION = YES_AGGRESSIVE;
				CLANG_CXX_LANGUAGE_STANDARD = "gnu++20";
				CLANG_ENABLE_MODULES = YES;
				CLANG_ENABLE_OBJC_ARC = YES;
				CLANG_ENABLE_OBJC_WEAK = YES;
				CLANG_WARN_BLOCK_CAPTURE_AUTORELEASING = YES;
				CLANG_WARN_BOOL_CONVERSION = YES;
				CLANG_WARN_COMMA = YES;
				CLANG_WARN_CONSTANT_CONVERSION = YES;
				CLANG_WARN_DEPRECATED_OBJC_IMPLEMENTATIONS = YES;
				CLANG_WARN_DIRECT_OBJC_ISA_USAGE = YES_ERROR;
				CLANG_WARN_DOCUMENTATION_COMMENTS = YES;
				CLANG_WARN_EMPTY_BODY = YES;
				CLANG_WARN_ENUM_CONVERSION = YES;
				CLANG_WARN_INFINITE_RECURSION = YES;
				CLANG_WARN_INT_CONVERSION = YES;
				CLANG_WARN_NON_LITERAL_NULL_CONVERSION = YES;
				CLANG_WARN_OBJC_IMPLICIT_RETAIN_SELF = YES;
				CLANG_WARN_OBJC_LITERAL_CONVERSION = YES;
				CLANG_WARN_OBJC_ROOT_CLASS = YES_ERROR;
				CLANG_WARN_QUOTED_INCLUDE_IN_FRAMEWORK_HEADER = YES;
				CLANG_WARN_RANGE_LOOP_ANALYSIS = YES;
				CLANG_WARN_STRICT_PROTOTYPES = YES;
				CLANG_WARN_SUSPICIOUS_MOVE = YES;
				CLANG_WARN_UNGUARDED_AVAILABILITY = YES_AGGRESSIVE;
				CLANG_WARN_UNREACHABLE_CODE = YES;
				CLANG_WARN__DUPLICATE_METHOD_MATCH = YES;
				COPY_PHASE_STRIP = NO;
				DEBUG_INFORMATION_FORMAT = dwarf;
				ENABLE_STRICT_OBJC_MSGSEND = YES;
				ENABLE_TESTABILITY = YES;
				GCC_C_LANGUAGE_STANDARD = gnu11;
				GCC_DYNAMIC_NO_PIC = NO;
				GCC_NO_COMMON_BLOCKS = YES;
				GCC_OPTIMIZATION_LEVEL = 0;
				GCC_PREPROCESSOR_DEFINITIONS = (
					"DEBUG=1",
					"$(inherited)",
				);
				GCC_WARN_64_TO_32_BIT_CONVERSION = YES;
				GCC_WARN_ABOUT_RETURN_TYPE = YES_ERROR;
				GCC_WARN_UNDECLARED_SELECTOR = YES;
				GCC_WARN_UNINITIALIZED_AUTOS = YES_AGGRESSIVE;
				GCC_WARN_UNUSED_FUNCTION = YES;
				GCC_WARN_UNUSED_VARIABLE = YES;
				IPHONEOS_DEPLOYMENT_TARGET = 16.2;
				MTL_ENABLE_DEBUG_INFO = INCLUDE_SOURCE;
				MTL_FAST_MATH = YES;
				ONLY_ACTIVE_ARCH = YES;
				SDKROOT = iphoneos;
				SWIFT_ACTIVE_COMPILATION_CONDITIONS = DEBUG;
				SWIFT_OPTIMIZATION_LEVEL = "-Onone";
			};
			name = Debug;
		};
		FC2341192ACD3E6D005E53C5 /* Release */ = {
			isa = XCBuildConfiguration;
			buildSettings = {
				ALWAYS_SEARCH_USER_PATHS = NO;
				CLANG_ANALYZER_NONNULL = YES;
				CLANG_ANALYZER_NUMBER_OBJECT_CONVERSION = YES_AGGRESSIVE;
				CLANG_CXX_LANGUAGE_STANDARD = "gnu++20";
				CLANG_ENABLE_MODULES = YES;
				CLANG_ENABLE_OBJC_ARC = YES;
				CLANG_ENABLE_OBJC_WEAK = YES;
				CLANG_WARN_BLOCK_CAPTURE_AUTORELEASING = YES;
				CLANG_WARN_BOOL_CONVERSION = YES;
				CLANG_WARN_COMMA = YES;
				CLANG_WARN_CONSTANT_CONVERSION = YES;
				CLANG_WARN_DEPRECATED_OBJC_IMPLEMENTATIONS = YES;
				CLANG_WARN_DIRECT_OBJC_ISA_USAGE = YES_ERROR;
				CLANG_WARN_DOCUMENTATION_COMMENTS = YES;
				CLANG_WARN_EMPTY_BODY = YES;
				CLANG_WARN_ENUM_CONVERSION = YES;
				CLANG_WARN_INFINITE_RECURSION = YES;
				CLANG_WARN_INT_CONVERSION = YES;
				CLANG_WARN_NON_LITERAL_NULL_CONVERSION = YES;
				CLANG_WARN_OBJC_IMPLICIT_RETAIN_SELF = YES;
				CLANG_WARN_OBJC_LITERAL_CONVERSION = YES;
				CLANG_WARN_OBJC_ROOT_CLASS = YES_ERROR;
				CLANG_WARN_QUOTED_INCLUDE_IN_FRAMEWORK_HEADER = YES;
				CLANG_WARN_RANGE_LOOP_ANALYSIS = YES;
				CLANG_WARN_STRICT_PROTOTYPES = YES;
				CLANG_WARN_SUSPICIOUS_MOVE = YES;
				CLANG_WARN_UNGUARDED_AVAILABILITY = YES_AGGRESSIVE;
				CLANG_WARN_UNREACHABLE_CODE = YES;
				CLANG_WARN__DUPLICATE_METHOD_MATCH = YES;
				COPY_PHASE_STRIP = NO;
				DEBUG_INFORMATION_FORMAT = "dwarf-with-dsym";
				ENABLE_NS_ASSERTIONS = NO;
				ENABLE_STRICT_OBJC_MSGSEND = YES;
				GCC_C_LANGUAGE_STANDARD = gnu11;
				GCC_NO_COMMON_BLOCKS = YES;
				GCC_WARN_64_TO_32_BIT_CONVERSION = YES;
				GCC_WARN_ABOUT_RETURN_TYPE = YES_ERROR;
				GCC_WARN_UNDECLARED_SELECTOR = YES;
				GCC_WARN_UNINITIALIZED_AUTOS = YES_AGGRESSIVE;
				GCC_WARN_UNUSED_FUNCTION = YES;
				GCC_WARN_UNUSED_VARIABLE = YES;
				IPHONEOS_DEPLOYMENT_TARGET = 16.2;
				MTL_ENABLE_DEBUG_INFO = NO;
				MTL_FAST_MATH = YES;
				SDKROOT = iphoneos;
				SWIFT_COMPILATION_MODE = wholemodule;
				SWIFT_OPTIMIZATION_LEVEL = "-O";
				VALIDATE_PRODUCT = YES;
			};
			name = Release;
		};
		FC23411B2ACD3E6D005E53C5 /* Debug */ = {
			isa = XCBuildConfiguration;
			buildSettings = {
				ASSETCATALOG_COMPILER_APPICON_NAME = AppIcon;
				ASSETCATALOG_COMPILER_GLOBAL_ACCENT_COLOR_NAME = AccentColor;
				CODE_SIGN_STYLE = Automatic;
				CURRENT_PROJECT_VERSION = 1;
				DEVELOPMENT_ASSET_PATHS = "\"Pinch_App_P3/Preview Content\"";
				DEVELOPMENT_TEAM = 4VWNC4ZL3M;
				ENABLE_PREVIEWS = YES;
				GENERATE_INFOPLIST_FILE = YES;
				INFOPLIST_KEY_UIApplicationSceneManifest_Generation = YES;
				INFOPLIST_KEY_UIApplicationSupportsIndirectInputEvents = YES;
				INFOPLIST_KEY_UILaunchScreen_Generation = YES;
				INFOPLIST_KEY_UISupportedInterfaceOrientations = UIInterfaceOrientationPortrait;
				IPHONEOS_DEPLOYMENT_TARGET = 15.0;
				LD_RUNPATH_SEARCH_PATHS = (
					"$(inherited)",
					"@executable_path/Frameworks",
				);
				MARKETING_VERSION = 1.0;
				PRODUCT_BUNDLE_IDENTIFIER = "fantec.Pinch-App-P3";
				PRODUCT_NAME = "$(TARGET_NAME)";
				SWIFT_EMIT_LOC_STRINGS = YES;
				SWIFT_VERSION = 5.0;
				TARGETED_DEVICE_FAMILY = "1,2";
			};
			name = Debug;
		};
		FC23411C2ACD3E6D005E53C5 /* Release */ = {
			isa = XCBuildConfiguration;
			buildSettings = {
				ASSETCATALOG_COMPILER_APPICON_NAME = AppIcon;
				ASSETCATALOG_COMPILER_GLOBAL_ACCENT_COLOR_NAME = AccentColor;
				CODE_SIGN_STYLE = Automatic;
				CURRENT_PROJECT_VERSION = 1;
				DEVELOPMENT_ASSET_PATHS = "\"Pinch_App_P3/Preview Content\"";
				DEVELOPMENT_TEAM = 4VWNC4ZL3M;
				ENABLE_PREVIEWS = YES;
				GENERATE_INFOPLIST_FILE = YES;
				INFOPLIST_KEY_UIApplicationSceneManifest_Generation = YES;
				INFOPLIST_KEY_UIApplicationSupportsIndirectInputEvents = YES;
				INFOPLIST_KEY_UILaunchScreen_Generation = YES;
				INFOPLIST_KEY_UISupportedInterfaceOrientations = UIInterfaceOrientationPortrait;
				IPHONEOS_DEPLOYMENT_TARGET = 15.0;
				LD_RUNPATH_SEARCH_PATHS = (
					"$(inherited)",
					"@executable_path/Frameworks",
				);
				MARKETING_VERSION = 1.0;
				PRODUCT_BUNDLE_IDENTIFIER = "fantec.Pinch-App-P3";
				PRODUCT_NAME = "$(TARGET_NAME)";
				SWIFT_EMIT_LOC_STRINGS = YES;
				SWIFT_VERSION = 5.0;
				TARGETED_DEVICE_FAMILY = "1,2";
			};
			name = Release;
		};
/* End XCBuildConfiguration section */

/* Begin XCConfigurationList section */
		FC2341072ACD3E6B005E53C5 /* Build configuration list for PBXProject "Pinch_App_P3" */ = {
			isa = XCConfigurationList;
			buildConfigurations = (
				FC2341182ACD3E6D005E53C5 /* Debug */,
				FC2341192ACD3E6D005E53C5 /* Release */,
			);
			defaultConfigurationIsVisible = 0;
			defaultConfigurationName = Release;
		};
		FC23411A2ACD3E6D005E53C5 /* Build configuration list for PBXNativeTarget "Pinch_App_P3" */ = {
			isa = XCConfigurationList;
			buildConfigurations = (
				FC23411B2ACD3E6D005E53C5 /* Debug */,
				FC23411C2ACD3E6D005E53C5 /* Release */,
			);
			defaultConfigurationIsVisible = 0;
			defaultConfigurationName = Release;
		};
/* End XCConfigurationList section */
	};
	rootObject = FC2341042ACD3E6B005E53C5 /* Project object */;
}
